// !$*UTF8*$!
{
	archiveVersion = 1;
	classes = {
	};
	objectVersion = 56;
	objects = {

/* Begin PBXBuildFile section */
		01BC020A6498764C242894AD /* PreviewData.swift in Sources */ = {isa = PBXBuildFile; fileRef = 29B8D3651BA45EF934EEF807 /* PreviewData.swift */; };
		042F3CC7E85DE540B7D92079 /* CleanupStats.swift in Sources */ = {isa = PBXBuildFile; fileRef = CE3525FA9A0B393FEA990694 /* CleanupStats.swift */; };
		072AC3A794613CDE9674723B /* TidyPixApp.swift in Sources */ = {isa = PBXBuildFile; fileRef = B1390EF6CF2F55569D2E6A56 /* TidyPixApp.swift */; };
		1DF68487A4B247A43E4038DE /* DateRange.swift in Sources */ = {isa = PBXBuildFile; fileRef = BB4182584EF6A488D064971E /* DateRange.swift */; };
		2634D9ED678FC22B1F3749D6 /* PhotoGridViewModel.swift in Sources */ = {isa = PBXBuildFile; fileRef = 037E1522679D3188851E381C /* PhotoGridViewModel.swift */; };
		2CC54657E8F413E062C4BE8D /* DatePickerButtonsView.swift in Sources */ = {isa = PBXBuildFile; fileRef = 7AA0BFFE16A90946B5A4EB46 /* DatePickerButtonsView.swift */; };
		334B976AA68AC557BE628FC8 /* PhotoDateGroup.swift in Sources */ = {isa = PBXBuildFile; fileRef = B930A417D7A3B20064DAA204 /* PhotoDateGroup.swift */; };
		41181247428F1606574FDFA2 /* SelectionOverlayView.swift in Sources */ = {isa = PBXBuildFile; fileRef = 41473BF4725FB5C8E56EDB10 /* SelectionOverlayView.swift */; };
		42C5EA5797A40A391B327391 /* AnimatedCheckmark.swift in Sources */ = {isa = PBXBuildFile; fileRef = 8AD73AFACBDB381FB8F95769 /* AnimatedCheckmark.swift */; };
		5152329A5CA6BBEA0DB6CC23 /* PHAsset+Extensions.swift in Sources */ = {isa = PBXBuildFile; fileRef = 34E1CDB24DDA58FA7576402E /* PHAsset+Extensions.swift */; };
		6313090D5D568B406A12FA1C /* Color+Theme.swift in Sources */ = {isa = PBXBuildFile; fileRef = 4E198C1519F8DA43AFB4BCF0 /* Color+Theme.swift */; };
		6D7FC2D76C077ACA71530819 /* GradientBackground.swift in Sources */ = {isa = PBXBuildFile; fileRef = 06AD5451AF747F38242E4C25 /* GradientBackground.swift */; };
		6DB0466659A49E24D56E0E73 /* PhotoThumbnailView.swift in Sources */ = {isa = PBXBuildFile; fileRef = 6FAF97579506A1F8995C7F83 /* PhotoThumbnailView.swift */; };
		73D72AB393D18CA00513DB06 /* StorageCalculator.swift in Sources */ = {isa = PBXBuildFile; fileRef = 3035536ADC7FABF6D9F8FDC3 /* StorageCalculator.swift */; };
		75299402547029F7C5188E5E /* PrivacyInfoView.swift in Sources */ = {isa = PBXBuildFile; fileRef = 53010FBF820CF633139F8A17 /* PrivacyInfoView.swift */; };
		7A96C15F94AD7952818655E7 /* SettingsViewModel.swift in Sources */ = {isa = PBXBuildFile; fileRef = 31F701ED7883ED53734B15EF /* SettingsViewModel.swift */; };
		7FA994214DC5C5B9A536D0C2 /* ThumbnailCache.swift in Sources */ = {isa = PBXBuildFile; fileRef = CDAD6A0EF4E000C68B5B53B7 /* ThumbnailCache.swift */; };
		84BC8170FB2C1B81EAF7F084 /* Assets.xcassets in Resources */ = {isa = PBXBuildFile; fileRef = 4AD9ABDF7F17310456A6A097 /* Assets.xcassets */; };
		8D522F12154B34DC13E419D3 /* View+Extensions.swift in Sources */ = {isa = PBXBuildFile; fileRef = 2C71217A53E3EAE13573AE00 /* View+Extensions.swift */; };
		9C2FCEFE0F6CA6F4C9AC071F /* SettingsView.swift in Sources */ = {isa = PBXBuildFile; fileRef = 66FC1475E44B8CD0A8093222 /* SettingsView.swift */; };
		9E80084AF2F095F05B9F20F2 /* PhotoLibraryService.swift in Sources */ = {isa = PBXBuildFile; fileRef = BEC913F82BE13ACC3FE0EF64 /* PhotoLibraryService.swift */; };
		9EF113E9E806987BB39DD94E /* PhotoGridView.swift in Sources */ = {isa = PBXBuildFile; fileRef = 717178F8A58FE94F55CEF348 /* PhotoGridView.swift */; };
		AA2366DBB3B2727BD7919704 /* StatsCardView.swift in Sources */ = {isa = PBXBuildFile; fileRef = BE5774D0DDD0D5EC441D9DEA /* StatsCardView.swift */; };
		B87F4D3016A00C70523F8CBC /* FrostedCardModifier.swift in Sources */ = {isa = PBXBuildFile; fileRef = B74CDDB055D99D64C3347D4F /* FrostedCardModifier.swift */; };
		B8EDFB533BE3214F7E711F80 /* Date+Extensions.swift in Sources */ = {isa = PBXBuildFile; fileRef = BFF3653A64DB49CFB997766B /* Date+Extensions.swift */; };
		CA59D2BB301AC22CD4DE76D7 /* HomeViewModel.swift in Sources */ = {isa = PBXBuildFile; fileRef = 76EE1C44757B8C71E7E8834B /* HomeViewModel.swift */; };
		D5C6D5F61D1AC792150CD675 /* PhotoDateIndexer.swift in Sources */ = {isa = PBXBuildFile; fileRef = 80A28DE67A3D238D3364C3D1 /* PhotoDateIndexer.swift */; };
		E9A108AF0062CBCA6E8B096A /* DeletionToolbarView.swift in Sources */ = {isa = PBXBuildFile; fileRef = C4D409EE4E44819D259AE795 /* DeletionToolbarView.swift */; };
		F1071D622F80CDE700263AE1 /* DailyReminderService.swift in Sources */ = {isa = PBXBuildFile; fileRef = F1071D612F80CDE700263AE1 /* DailyReminderService.swift */; };
		F520E8367D931937169E4662 /* HomeView.swift in Sources */ = {isa = PBXBuildFile; fileRef = E1ACF418D63629ECF3145C7A /* HomeView.swift */; };
		FAF1AC8E512826D9B67B08AB /* ZoomablePhotoView.swift in Sources */ = {isa = PBXBuildFile; fileRef = A03E487C7785400972C24E93 /* ZoomablePhotoView.swift */; };
/* End PBXBuildFile section */

/* Begin PBXFileReference section */
		037E1522679D3188851E381C /* PhotoGridViewModel.swift */ = {isa = PBXFileReference; lastKnownFileType = sourcecode.swift; path = PhotoGridViewModel.swift; sourceTree = "<group>"; };
		06AD5451AF747F38242E4C25 /* GradientBackground.swift */ = {isa = PBXFileReference; lastKnownFileType = sourcecode.swift; path = GradientBackground.swift; sourceTree = "<group>"; };
		29B8D3651BA45EF934EEF807 /* PreviewData.swift */ = {isa = PBXFileReference; lastKnownFileType = sourcecode.swift; path = PreviewData.swift; sourceTree = "<group>"; };
		2C71217A53E3EAE13573AE00 /* View+Extensions.swift */ = {isa = PBXFileReference; lastKnownFileType = sourcecode.swift; path = "View+Extensions.swift"; sourceTree = "<group>"; };
		3035536ADC7FABF6D9F8FDC3 /* StorageCalculator.swift */ = {isa = PBXFileReference; lastKnownFileType = sourcecode.swift; path = StorageCalculator.swift; sourceTree = "<group>"; };
		31F701ED7883ED53734B15EF /* SettingsViewModel.swift */ = {isa = PBXFileReference; lastKnownFileType = sourcecode.swift; path = SettingsViewModel.swift; sourceTree = "<group>"; };
		34E1CDB24DDA58FA7576402E /* PHAsset+Extensions.swift */ = {isa = PBXFileReference; lastKnownFileType = sourcecode.swift; path = "PHAsset+Extensions.swift"; sourceTree = "<group>"; };
		41473BF4725FB5C8E56EDB10 /* SelectionOverlayView.swift */ = {isa = PBXFileReference; lastKnownFileType = sourcecode.swift; path = SelectionOverlayView.swift; sourceTree = "<group>"; };
		4AD9ABDF7F17310456A6A097 /* Assets.xcassets */ = {isa = PBXFileReference; lastKnownFileType = folder.assetcatalog; path = Assets.xcassets; sourceTree = "<group>"; };
		4E198C1519F8DA43AFB4BCF0 /* Color+Theme.swift */ = {isa = PBXFileReference; lastKnownFileType = sourcecode.swift; path = "Color+Theme.swift"; sourceTree = "<group>"; };
		53010FBF820CF633139F8A17 /* PrivacyInfoView.swift */ = {isa = PBXFileReference; lastKnownFileType = sourcecode.swift; path = PrivacyInfoView.swift; sourceTree = "<group>"; };
		66FC1475E44B8CD0A8093222 /* SettingsView.swift */ = {isa = PBXFileReference; lastKnownFileType = sourcecode.swift; path = SettingsView.swift; sourceTree = "<group>"; };
		6FAF97579506A1F8995C7F83 /* PhotoThumbnailView.swift */ = {isa = PBXFileReference; lastKnownFileType = sourcecode.swift; path = PhotoThumbnailView.swift; sourceTree = "<group>"; };
		717178F8A58FE94F55CEF348 /* PhotoGridView.swift */ = {isa = PBXFileReference; lastKnownFileType = sourcecode.swift; path = PhotoGridView.swift; sourceTree = "<group>"; };
		76EE1C44757B8C71E7E8834B /* HomeViewModel.swift */ = {isa = PBXFileReference; lastKnownFileType = sourcecode.swift; path = HomeViewModel.swift; sourceTree = "<group>"; };
		7AA0BFFE16A90946B5A4EB46 /* DatePickerButtonsView.swift */ = {isa = PBXFileReference; lastKnownFileType = sourcecode.swift; path = DatePickerButtonsView.swift; sourceTree = "<group>"; };
		80A28DE67A3D238D3364C3D1 /* PhotoDateIndexer.swift */ = {isa = PBXFileReference; lastKnownFileType = sourcecode.swift; path = PhotoDateIndexer.swift; sourceTree = "<group>"; };
		8AD73AFACBDB381FB8F95769 /* AnimatedCheckmark.swift */ = {isa = PBXFileReference; lastKnownFileType = sourcecode.swift; path = AnimatedCheckmark.swift; sourceTree = "<group>"; };
		99006388588CE7D539A04F10 /* TidyPix.app */ = {isa = PBXFileReference; explicitFileType = wrapper.application; includeInIndex = 0; path = TidyPix.app; sourceTree = BUILT_PRODUCTS_DIR; };
		A03E487C7785400972C24E93 /* ZoomablePhotoView.swift */ = {isa = PBXFileReference; lastKnownFileType = sourcecode.swift; path = ZoomablePhotoView.swift; sourceTree = "<group>"; };
		B1390EF6CF2F55569D2E6A56 /* TidyPixApp.swift */ = {isa = PBXFileReference; lastKnownFileType = sourcecode.swift; path = TidyPixApp.swift; sourceTree = "<group>"; };
		B74CDDB055D99D64C3347D4F /* FrostedCardModifier.swift */ = {isa = PBXFileReference; lastKnownFileType = sourcecode.swift; path = FrostedCardModifier.swift; sourceTree = "<group>"; };
		B930A417D7A3B20064DAA204 /* PhotoDateGroup.swift */ = {isa = PBXFileReference; lastKnownFileType = sourcecode.swift; path = PhotoDateGroup.swift; sourceTree = "<group>"; };
		BB4182584EF6A488D064971E /* DateRange.swift */ = {isa = PBXFileReference; lastKnownFileType = sourcecode.swift; path = DateRange.swift; sourceTree = "<group>"; };
		BE5774D0DDD0D5EC441D9DEA /* StatsCardView.swift */ = {isa = PBXFileReference; lastKnownFileType = sourcecode.swift; path = StatsCardView.swift; sourceTree = "<group>"; };
		BEC913F82BE13ACC3FE0EF64 /* PhotoLibraryService.swift */ = {isa = PBXFileReference; lastKnownFileType = sourcecode.swift; path = PhotoLibraryService.swift; sourceTree = "<group>"; };
		BFF3653A64DB49CFB997766B /* Date+Extensions.swift */ = {isa = PBXFileReference; lastKnownFileType = sourcecode.swift; path = "Date+Extensions.swift"; sourceTree = "<group>"; };
		C4D409EE4E44819D259AE795 /* DeletionToolbarView.swift */ = {isa = PBXFileReference; lastKnownFileType = sourcecode.swift; path = DeletionToolbarView.swift; sourceTree = "<group>"; };
		CDAD6A0EF4E000C68B5B53B7 /* ThumbnailCache.swift */ = {isa = PBXFileReference; lastKnownFileType = sourcecode.swift; path = ThumbnailCache.swift; sourceTree = "<group>"; };
		CE3525FA9A0B393FEA990694 /* CleanupStats.swift */ = {isa = PBXFileReference; lastKnownFileType = sourcecode.swift; path = CleanupStats.swift; sourceTree = "<group>"; };
		E1ACF418D63629ECF3145C7A /* HomeView.swift */ = {isa = PBXFileReference; lastKnownFileType = sourcecode.swift; path = HomeView.swift; sourceTree = "<group>"; };
		F1071D612F80CDE700263AE1 /* DailyReminderService.swift */ = {isa = PBXFileReference; lastKnownFileType = sourcecode.swift; path = DailyReminderService.swift; sourceTree = "<group>"; };
/* End PBXFileReference section */

/* Begin PBXFrameworksBuildPhase section */
		29B2D46AA747A59804D46E1F /* Frameworks */ = {
			isa = PBXFrameworksBuildPhase;
			buildActionMask = 2147483647;
			files = (
			);
			runOnlyForDeploymentPostprocessing = 0;
		};
/* End PBXFrameworksBuildPhase section */

/* Begin PBXGroup section */
		3136E6F1DF677A1E5E9176FE /* Extensions */ = {
			isa = PBXGroup;
			children = (
				4E198C1519F8DA43AFB4BCF0 /* Color+Theme.swift */,
				BFF3653A64DB49CFB997766B /* Date+Extensions.swift */,
				34E1CDB24DDA58FA7576402E /* PHAsset+Extensions.swift */,
				2C71217A53E3EAE13573AE00 /* View+Extensions.swift */,
			);
			path = Extensions;
			sourceTree = "<group>";
		};
		420CEB417186B52ECF642348 /* ViewModels */ = {
			isa = PBXGroup;
			children = (
				76EE1C44757B8C71E7E8834B /* HomeViewModel.swift */,
				037E1522679D3188851E381C /* PhotoGridViewModel.swift */,
				31F701ED7883ED53734B15EF /* SettingsViewModel.swift */,
			);
			path = ViewModels;
			sourceTree = "<group>";
		};
		4ABD9F7791CD54A0F01024AC /* PhotoGrid */ = {
			isa = PBXGroup;
			children = (
				C4D409EE4E44819D259AE795 /* DeletionToolbarView.swift */,
				717178F8A58FE94F55CEF348 /* PhotoGridView.swift */,
				6FAF97579506A1F8995C7F83 /* PhotoThumbnailView.swift */,
				41473BF4725FB5C8E56EDB10 /* SelectionOverlayView.swift */,
				A03E487C7785400972C24E93 /* ZoomablePhotoView.swift */,
			);
			path = PhotoGrid;
			sourceTree = "<group>";
		};
		4F60404FBFDF40A2513E2919 /* Settings */ = {
			isa = PBXGroup;
			children = (
				53010FBF820CF633139F8A17 /* PrivacyInfoView.swift */,
				66FC1475E44B8CD0A8093222 /* SettingsView.swift */,
			);
			path = Settings;
			sourceTree = "<group>";
		};
		5533F3ED09443E81B9747239 /* Preview Content */ = {
			isa = PBXGroup;
			children = (
				29B8D3651BA45EF934EEF807 /* PreviewData.swift */,
			);
			path = "Preview Content";
			sourceTree = "<group>";
		};
		564EAF51B7DD4639ADD9B985 /* Services */ = {
			isa = PBXGroup;
			children = (
				80A28DE67A3D238D3364C3D1 /* PhotoDateIndexer.swift */,
				BEC913F82BE13ACC3FE0EF64 /* PhotoLibraryService.swift */,
				3035536ADC7FABF6D9F8FDC3 /* StorageCalculator.swift */,
				CDAD6A0EF4E000C68B5B53B7 /* ThumbnailCache.swift */,
				F1071D612F80CDE700263AE1 /* DailyReminderService.swift */,
			);
			path = Services;
			sourceTree = "<group>";
		};
		5928955287B8089ED2177128 /* TidyPix */ = {
			isa = PBXGroup;
			children = (
				B1390EF6CF2F55569D2E6A56 /* TidyPixApp.swift */,
				4AD9ABDF7F17310456A6A097 /* Assets.xcassets */,
				3136E6F1DF677A1E5E9176FE /* Extensions */,
				9CF43B31E8845D861542A38E /* Models */,
				5533F3ED09443E81B9747239 /* Preview Content */,
				564EAF51B7DD4639ADD9B985 /* Services */,
				420CEB417186B52ECF642348 /* ViewModels */,
				C454586A1F4E28C340BDC1AD /* Views */,
			);
			path = TidyPix;
			sourceTree = "<group>";
		};
		7882D14E196057770B59E53D = {
			isa = PBXGroup;
			children = (
				5928955287B8089ED2177128 /* TidyPix */,
				BF7A2D27A78D590BDEF15AF2 /* Products */,
			);
			sourceTree = "<group>";
		};
		9CF43B31E8845D861542A38E /* Models */ = {
			isa = PBXGroup;
			children = (
				CE3525FA9A0B393FEA990694 /* CleanupStats.swift */,
				BB4182584EF6A488D064971E /* DateRange.swift */,
				B930A417D7A3B20064DAA204 /* PhotoDateGroup.swift */,
			);
			path = Models;
			sourceTree = "<group>";
		};
		A58E89805C5F5DBB452412A2 /* Home */ = {
			isa = PBXGroup;
			children = (
				7AA0BFFE16A90946B5A4EB46 /* DatePickerButtonsView.swift */,
				E1ACF418D63629ECF3145C7A /* HomeView.swift */,
				BE5774D0DDD0D5EC441D9DEA /* StatsCardView.swift */,
			);
			path = Home;
			sourceTree = "<group>";
		};
		BF7A2D27A78D590BDEF15AF2 /* Products */ = {
			isa = PBXGroup;
			children = (
				99006388588CE7D539A04F10 /* TidyPix.app */,
			);
			name = Products;
			sourceTree = "<group>";
		};
		C454586A1F4E28C340BDC1AD /* Views */ = {
			isa = PBXGroup;
			children = (
				A58E89805C5F5DBB452412A2 /* Home */,
				4ABD9F7791CD54A0F01024AC /* PhotoGrid */,
				4F60404FBFDF40A2513E2919 /* Settings */,
				FECF9BEF2B7D9F5F97164536 /* Shared */,
			);
			path = Views;
			sourceTree = "<group>";
		};
		FECF9BEF2B7D9F5F97164536 /* Shared */ = {
			isa = PBXGroup;
			children = (
				8AD73AFACBDB381FB8F95769 /* AnimatedCheckmark.swift */,
				B74CDDB055D99D64C3347D4F /* FrostedCardModifier.swift */,
				06AD5451AF747F38242E4C25 /* GradientBackground.swift */,
			);
			path = Shared;
			sourceTree = "<group>";
		};
/* End PBXGroup section */

/* Begin PBXNativeTarget section */
		42AEFBAE01D2DFD981F7DA7D /* TidyPix */ = {
			isa = PBXNativeTarget;
			buildConfigurationList = F707ED8CFBC457F7F618ECA6 /* Build configuration list for PBXNativeTarget "TidyPix" */;
			buildPhases = (
				E7209FB05162B7572F88D05E /* Sources */,
				29B2D46AA747A59804D46E1F /* Frameworks */,
				66F8606E9F0A136E2228EBCB /* Resources */,
			);
			buildRules = (
			);
			dependencies = (
			);
			name = TidyPix;
			productName = TidyPix;
			productReference = 99006388588CE7D539A04F10 /* TidyPix.app */;
			productType = "com.apple.product-type.application";
		};
/* End PBXNativeTarget section */

/* Begin PBXProject section */
		46F86FAA6BBF9AC94A7E4595 /* Project object */ = {
			isa = PBXProject;
			attributes = {
			};
			buildConfigurationList = CB7CBE0C3B42E7D081FECC31 /* Build configuration list for PBXProject "TidyPix" */;
			compatibilityVersion = "Xcode 14.0";
			developmentRegion = en;
			hasScannedForEncodings = 0;
			knownRegions = (
				en,
				Base,
			);
			mainGroup = 7882D14E196057770B59E53D;
			productRefGroup = BF7A2D27A78D590BDEF15AF2 /* Products */;
			projectDirPath = "";
			projectRoot = "";
			targets = (
				42AEFBAE01D2DFD981F7DA7D /* TidyPix */,
			);
		};
/* End PBXProject section */

/* Begin PBXResourcesBuildPhase section */
		66F8606E9F0A136E2228EBCB /* Resources */ = {
			isa = PBXResourcesBuildPhase;
			buildActionMask = 2147483647;
			files = (
				84BC8170FB2C1B81EAF7F084 /* Assets.xcassets in Resources */,
			);
			runOnlyForDeploymentPostprocessing = 0;
		};
/* End PBXResourcesBuildPhase section */

/* Begin PBXSourcesBuildPhase section */
		E7209FB05162B7572F88D05E /* Sources */ = {
			isa = PBXSourcesBuildPhase;
			buildActionMask = 2147483647;
			files = (
				072AC3A794613CDE9674723B /* TidyPixApp.swift in Sources */,
				CA59D2BB301AC22CD4DE76D7 /* HomeViewModel.swift in Sources */,
				2634D9ED678FC22B1F3749D6 /* PhotoGridViewModel.swift in Sources */,
				7A96C15F94AD7952818655E7 /* SettingsViewModel.swift in Sources */,
				042F3CC7E85DE540B7D92079 /* CleanupStats.swift in Sources */,
				1DF68487A4B247A43E4038DE /* DateRange.swift in Sources */,
				334B976AA68AC557BE628FC8 /* PhotoDateGroup.swift in Sources */,
				01BC020A6498764C242894AD /* PreviewData.swift in Sources */,
				6313090D5D568B406A12FA1C /* Color+Theme.swift in Sources */,
				B8EDFB533BE3214F7E711F80 /* Date+Extensions.swift in Sources */,
				5152329A5CA6BBEA0DB6CC23 /* PHAsset+Extensions.swift in Sources */,
				8D522F12154B34DC13E419D3 /* View+Extensions.swift in Sources */,
				75299402547029F7C5188E5E /* PrivacyInfoView.swift in Sources */,
				9C2FCEFE0F6CA6F4C9AC071F /* SettingsView.swift in Sources */,
				2CC54657E8F413E062C4BE8D /* DatePickerButtonsView.swift in Sources */,
				F520E8367D931937169E4662 /* HomeView.swift in Sources */,
				AA2366DBB3B2727BD7919704 /* StatsCardView.swift in Sources */,
				E9A108AF0062CBCA6E8B096A /* DeletionToolbarView.swift in Sources */,
				9EF113E9E806987BB39DD94E /* PhotoGridView.swift in Sources */,
				6DB0466659A49E24D56E0E73 /* PhotoThumbnailView.swift in Sources */,
				41181247428F1606574FDFA2 /* SelectionOverlayView.swift in Sources */,
				FAF1AC8E512826D9B67B08AB /* ZoomablePhotoView.swift in Sources */,
				42C5EA5797A40A391B327391 /* AnimatedCheckmark.swift in Sources */,
				F1071D622F80CDE700263AE1 /* DailyReminderService.swift in Sources */,
				B87F4D3016A00C70523F8CBC /* FrostedCardModifier.swift in Sources */,
				6D7FC2D76C077ACA71530819 /* GradientBackground.swift in Sources */,
				D5C6D5F61D1AC792150CD675 /* PhotoDateIndexer.swift in Sources */,
				9E80084AF2F095F05B9F20F2 /* PhotoLibraryService.swift in Sources */,
				73D72AB393D18CA00513DB06 /* StorageCalculator.swift in Sources */,
				7FA994214DC5C5B9A536D0C2 /* ThumbnailCache.swift in Sources */,
			);
			runOnlyForDeploymentPostprocessing = 0;
		};
/* End PBXSourcesBuildPhase section */

/* Begin XCBuildConfiguration section */
		5C1FCF821166A8E947DC58DE /* Debug */ = {
			isa = XCBuildConfiguration;
			buildSettings = {
				ASSETCATALOG_COMPILER_APPICON_NAME = AppIcon;
				ASSETCATALOG_COMPILER_GLOBAL_ACCENT_COLOR_NAME = AccentColor;
				CODE_SIGN_STYLE = Automatic;
				CURRENT_PROJECT_VERSION = 1;
				DEVELOPMENT_ASSET_PATHS = "TidyPix/Preview\\ Content";
				DEVELOPMENT_TEAM = 9SBQ86XYW9;
				ENABLE_PREVIEWS = YES;
				GENERATE_INFOPLIST_FILE = YES;
				INFOPLIST_KEY_CFBundleDisplayName = TidyPix;
				INFOPLIST_KEY_NSPhotoLibraryUsageDescription = "TidyPix needs access to your photo library so you can review and clean up your photos.";
				INFOPLIST_KEY_UIApplicationSceneManifest_Generation = YES;
				INFOPLIST_KEY_UIApplicationSupportsIndirectInputEvents = YES;
				INFOPLIST_KEY_UILaunchScreen_Generation = YES;
				INFOPLIST_KEY_UISupportedInterfaceOrientations_iPad = "UIInterfaceOrientationPortrait UIInterfaceOrientationPortraitUpsideDown UIInterfaceOrientationLandscapeLeft UIInterfaceOrientationLandscapeRight";
				INFOPLIST_KEY_UISupportedInterfaceOrientations_iPhone = "UIInterfaceOrientationPortrait UIInterfaceOrientationLandscapeLeft UIInterfaceOrientationLandscapeRight";
				LD_RUNPATH_SEARCH_PATHS = (
					"$(inherited)",
					"@executable_path/Frameworks",
				);
				MARKETING_VERSION = 1.0;
				PRODUCT_BUNDLE_IDENTIFIER = com.tidypix.app;
				PRODUCT_NAME = "$(TARGET_NAME)";
				SUPPORTED_PLATFORMS = "iphoneos iphonesimulator";
				SUPPORTS_MACCATALYST = NO;
				SWIFT_EMIT_LOC_STRINGS = YES;
				SWIFT_VERSION = 5.0;
				TARGETED_DEVICE_FAMILY = "1,2";
			};
			name = Debug;
		};
		8EE6B6ADC095CDC56BE16A9E /* Debug */ = {
			isa = XCBuildConfiguration;
			buildSettings = {
				ALWAYS_SEARCH_USER_PATHS = NO;
				CLANG_ANALYZER_NONNULL = YES;
				CLANG_CXX_LANGUAGE_STANDARD = "gnu++20";
				CLANG_ENABLE_MODULES = YES;
				CLANG_ENABLE_OBJC_ARC = YES;
				COPY_PHASE_STRIP = NO;
				DEBUG_INFORMATION_FORMAT = dwarf;
				ENABLE_STRICT_OBJC_MSGSEND = YES;
				ENABLE_TESTABILITY = YES;
				GCC_DYNAMIC_NO_PIC = NO;
				GCC_OPTIMIZATION_LEVEL = 0;
				GCC_PREPROCESSOR_DEFINITIONS = (
					"DEBUG=1",
					"$(inherited)",
				);
				GCC_WARN_64_TO_32_BIT_CONVERSION = YES;
				GCC_WARN_ABOUT_RETURN_TYPE = YES_ERROR;
				GCC_WARN_UNINITIALIZED_AUTOS = YES_AGGRESSIVE;
				GCC_WARN_UNUSED_FUNCTION = YES;
				GCC_WARN_UNUSED_VARIABLE = YES;
				IPHONEOS_DEPLOYMENT_TARGET = 17.0;
				MTL_ENABLE_DEBUG_INFO = INCLUDE_SOURCE;
				MTL_FAST_MATH = YES;
				ONLY_ACTIVE_ARCH = YES;
				SDKROOT = iphoneos;
				SWIFT_ACTIVE_COMPILATION_CONDITIONS = "$(inherited) DEBUG";
				SWIFT_OPTIMIZATION_LEVEL = "-Onone";
			};
			name = Debug;
		};
		C25F4F6540DF31069317F7C3 /* Release */ = {
			isa = XCBuildConfiguration;
			buildSettings = {
				ALWAYS_SEARCH_USER_PATHS = NO;
				CLANG_ANALYZER_NONNULL = YES;
				CLANG_CXX_LANGUAGE_STANDARD = "gnu++20";
				CLANG_ENABLE_MODULES = YES;
				CLANG_ENABLE_OBJC_ARC = YES;
				COPY_PHASE_STRIP = NO;
				DEBUG_INFORMATION_FORMAT = "dwarf-with-dsym";
				ENABLE_NS_ASSERTIONS = NO;
				ENABLE_STRICT_OBJC_MSGSEND = YES;
				GCC_WARN_64_TO_32_BIT_CONVERSION = YES;
				GCC_WARN_ABOUT_RETURN_TYPE = YES_ERROR;
				GCC_WARN_UNINITIALIZED_AUTOS = YES_AGGRESSIVE;
				GCC_WARN_UNUSED_FUNCTION = YES;
				GCC_WARN_UNUSED_VARIABLE = YES;
				IPHONEOS_DEPLOYMENT_TARGET = 17.0;
				MTL_ENABLE_DEBUG_INFO = NO;
				MTL_FAST_MATH = YES;
				SDKROOT = iphoneos;
				SWIFT_COMPILATION_MODE = wholemodule;
				VALIDATE_PRODUCT = YES;
			};
			name = Release;
		};
		D8A34C63742B602B66E1CD36 /* Release */ = {
			isa = XCBuildConfiguration;
			buildSettings = {
				ASSETCATALOG_COMPILER_APPICON_NAME = AppIcon;
				ASSETCATALOG_COMPILER_GLOBAL_ACCENT_COLOR_NAME = AccentColor;
				CODE_SIGN_STYLE = Automatic;
				CURRENT_PROJECT_VERSION = 1;
				DEVELOPMENT_ASSET_PATHS = "TidyPix/Preview\\ Content";
				DEVELOPMENT_TEAM = 9SBQ86XYW9;
				ENABLE_PREVIEWS = YES;
				GENERATE_INFOPLIST_FILE = YES;
				INFOPLIST_KEY_CFBundleDisplayName = TidyPix;
				INFOPLIST_KEY_NSPhotoLibraryUsageDescription = "TidyPix needs access to your photo library so you can review and clean up your photos.";
				INFOPLIST_KEY_UIApplicationSceneManifest_Generation = YES;
				INFOPLIST_KEY_UIApplicationSupportsIndirectInputEvents = YES;
				INFOPLIST_KEY_UILaunchScreen_Generation = YES;
				INFOPLIST_KEY_UISupportedInterfaceOrientations_iPad = "UIInterfaceOrientationPortrait UIInterfaceOrientationPortraitUpsideDown UIInterfaceOrientationLandscapeLeft UIInterfaceOrientationLandscapeRight";
				INFOPLIST_KEY_UISupportedInterfaceOrientations_iPhone = "UIInterfaceOrientationPortrait UIInterfaceOrientationLandscapeLeft UIInterfaceOrientationLandscapeRight";
				LD_RUNPATH_SEARCH_PATHS = (
					"$(inherited)",
					"@executable_path/Frameworks",
				);
				MARKETING_VERSION = 1.0;
				PRODUCT_BUNDLE_IDENTIFIER = com.tidypix.app;
				PRODUCT_NAME = "$(TARGET_NAME)";
				SUPPORTED_PLATFORMS = "iphoneos iphonesimulator";
				SUPPORTS_MACCATALYST = NO;
				SWIFT_EMIT_LOC_STRINGS = YES;
				SWIFT_VERSION = 5.0;
				TARGETED_DEVICE_FAMILY = "1,2";
			};
			name = Release;
		};
/* End XCBuildConfiguration section */

/* Begin XCConfigurationList section */
		CB7CBE0C3B42E7D081FECC31 /* Build configuration list for PBXProject "TidyPix" */ = {
			isa = XCConfigurationList;
			buildConfigurations = (
				8EE6B6ADC095CDC56BE16A9E /* Debug */,
				C25F4F6540DF31069317F7C3 /* Release */,
			);
			defaultConfigurationIsVisible = 0;
			defaultConfigurationName = Release;
		};
		F707ED8CFBC457F7F618ECA6 /* Build configuration list for PBXNativeTarget "TidyPix" */ = {
			isa = XCConfigurationList;
			buildConfigurations = (
				5C1FCF821166A8E947DC58DE /* Debug */,
				D8A34C63742B602B66E1CD36 /* Release */,
			);
			defaultConfigurationIsVisible = 0;
			defaultConfigurationName = Release;
		};
/* End XCConfigurationList section */
	};
	rootObject = 46F86FAA6BBF9AC94A7E4595 /* Project object */;
}
